// !$*UTF8*$!
{
	archiveVersion = 1;
	classes = {
	};
	objectVersion = 50;
	objects = {

/* Begin PBXBuildFile section */
		4C33F02E54743FFE8FB3DE61 /* Pods_PLCUITests.framework in Frameworks */ = {isa = PBXBuildFile; fileRef = 197C789FF7D2407403A234CB /* Pods_PLCUITests.framework */; };
		57960719AAA55B477DB2F328 /* Pods_PLCTests.framework in Frameworks */ = {isa = PBXBuildFile; fileRef = 26C0139A8728062BACE8F89E /* Pods_PLCTests.framework */; };
		830E74B420E547B3005E629D /* DetailInitiatives.storyboard in Resources */ = {isa = PBXBuildFile; fileRef = 830E74B220E547B3005E629D /* DetailInitiatives.storyboard */; };
		83165AF720E5423F005E9092 /* FavInitiatives.storyboard in Resources */ = {isa = PBXBuildFile; fileRef = 83165AF620E5423F005E9092 /* FavInitiatives.storyboard */; };
		831CEC2620F69F77003CB892 /* CalendarViewController.swift in Sources */ = {isa = PBXBuildFile; fileRef = 831CEC2520F69F77003CB892 /* CalendarViewController.swift */; };
		8365F91620E6B9C90018BB43 /* UserModel.swift in Sources */ = {isa = PBXBuildFile; fileRef = 8365F91520E6B9C90018BB43 /* UserModel.swift */; };
		8365F91920E6C1640018BB43 /* LoginViewController.swift in Sources */ = {isa = PBXBuildFile; fileRef = 8365F91820E6C1640018BB43 /* LoginViewController.swift */; };
		8384C5AD20E6D06100E61899 /* GoogleService-Info.plist in Resources */ = {isa = PBXBuildFile; fileRef = 8384C5AC20E6D06100E61899 /* GoogleService-Info.plist */; };
		8387316D20E55532001E1628 /* DetailTaskViewController.swift in Sources */ = {isa = PBXBuildFile; fileRef = 8387316C20E55532001E1628 /* DetailTaskViewController.swift */; };
		83ADA39520E1547400CD5F30 /* AppDelegate.swift in Sources */ = {isa = PBXBuildFile; fileRef = 83ADA39420E1547400CD5F30 /* AppDelegate.swift */; };
		83ADA39720E1547400CD5F30 /* TaskTableViewController.swift in Sources */ = {isa = PBXBuildFile; fileRef = 83ADA39620E1547400CD5F30 /* TaskTableViewController.swift */; };
		83ADA39920E1547400CD5F30 /* LeaderboardViewController.swift in Sources */ = {isa = PBXBuildFile; fileRef = 83ADA39820E1547400CD5F30 /* LeaderboardViewController.swift */; };
		83ADA39E20E1547900CD5F30 /* Assets.xcassets in Resources */ = {isa = PBXBuildFile; fileRef = 83ADA39D20E1547900CD5F30 /* Assets.xcassets */; };
		83ADA3A120E1547900CD5F30 /* LaunchScreen.storyboard in Resources */ = {isa = PBXBuildFile; fileRef = 83ADA39F20E1547900CD5F30 /* LaunchScreen.storyboard */; };
		83ADA3AC20E1547900CD5F30 /* PLCTests.swift in Sources */ = {isa = PBXBuildFile; fileRef = 83ADA3AB20E1547900CD5F30 /* PLCTests.swift */; };
		83ADA3B720E1547900CD5F30 /* PLCUITests.swift in Sources */ = {isa = PBXBuildFile; fileRef = 83ADA3B620E1547900CD5F30 /* PLCUITests.swift */; };
		83ADA3C520E165D000CD5F30 /* ProfileViewController.swift in Sources */ = {isa = PBXBuildFile; fileRef = 83ADA3C420E165D000CD5F30 /* ProfileViewController.swift */; };
		83BD2FE020E2C7D400260BAC /* TaskTableViewCell.swift in Sources */ = {isa = PBXBuildFile; fileRef = 83BD2FDF20E2C7D400260BAC /* TaskTableViewCell.swift */; };
		83BEBE9020EA8E420055BE16 /* TabBarView.storyboard in Resources */ = {isa = PBXBuildFile; fileRef = 83BEBE8F20EA8E410055BE16 /* TabBarView.storyboard */; };
		83D351E020F67978006480F4 /* FavTasksTableViewController.swift in Sources */ = {isa = PBXBuildFile; fileRef = 83D351DF20F67978006480F4 /* FavTasksTableViewController.swift */; };
		83DC45C620EC22780080B6A1 /* FavTasksViewController.swift in Sources */ = {isa = PBXBuildFile; fileRef = 83DC45C520EC22780080B6A1 /* FavTasksViewController.swift */; };
		99008FB62100DA4500F05899 /* WhoIsGoingTableViewController.swift in Sources */ = {isa = PBXBuildFile; fileRef = 99008FB52100DA4500F05899 /* WhoIsGoingTableViewController.swift */; };
		99008FB82100DAE200F05899 /* WhoIsGoingTableViewCell.swift in Sources */ = {isa = PBXBuildFile; fileRef = 99008FB72100DAE200F05899 /* WhoIsGoingTableViewCell.swift */; };
		99008FBA21011FF500F05899 /* DepartmentLeaderboardViewController.swift in Sources */ = {isa = PBXBuildFile; fileRef = 99008FB921011FF500F05899 /* DepartmentLeaderboardViewController.swift */; };
		99008FBC2101200900F05899 /* OfficeLeaderboardViewController.swift in Sources */ = {isa = PBXBuildFile; fileRef = 99008FBB2101200900F05899 /* OfficeLeaderboardViewController.swift */; };
		990D7FEC2101291300549C6B /* FavTaskTableViewCell.swift in Sources */ = {isa = PBXBuildFile; fileRef = 990D7FEB2101291300549C6B /* FavTaskTableViewCell.swift */; };
		990D7FEE21022D4700549C6B /* CreateNewAccountViewController.swift in Sources */ = {isa = PBXBuildFile; fileRef = 990D7FED21022D4700549C6B /* CreateNewAccountViewController.swift */; };
		995285DF20EBC268000E29B4 /* LeaderboardPageViewController.swift in Sources */ = {isa = PBXBuildFile; fileRef = 995285DE20EBC268000E29B4 /* LeaderboardPageViewController.swift */; };
		99919A7F20FFA39D008ED134 /* CheckInViewController.swift in Sources */ = {isa = PBXBuildFile; fileRef = 99919A7E20FFA39D008ED134 /* CheckInViewController.swift */; };
		99AB732620E4269E00E00A2A /* InitiativeCreateViewController.swift in Sources */ = {isa = PBXBuildFile; fileRef = 99AB732520E4269E00E00A2A /* InitiativeCreateViewController.swift */; };
		99AB732920E42E0000E00A2A /* Initiatives.storyboard in Resources */ = {isa = PBXBuildFile; fileRef = 99AB732720E42E0000E00A2A /* Initiatives.storyboard */; };
		99AB732C20E42E2800E00A2A /* Leaderboard.storyboard in Resources */ = {isa = PBXBuildFile; fileRef = 99AB732A20E42E2800E00A2A /* Leaderboard.storyboard */; };
		99AB732E20E42E4A00E00A2A /* InitiativeCreate.storyboard in Resources */ = {isa = PBXBuildFile; fileRef = 99AB732D20E42E4A00E00A2A /* InitiativeCreate.storyboard */; };
		99AB733020E42E6C00E00A2A /* Main.storyboard in Resources */ = {isa = PBXBuildFile; fileRef = 99AB732F20E42E6C00E00A2A /* Main.storyboard */; };
		99AB733220E42E8E00E00A2A /* Profile.storyboard in Resources */ = {isa = PBXBuildFile; fileRef = 99AB733120E42E8E00E00A2A /* Profile.storyboard */; };
		99AB733820E54FEB00E00A2A /* Task.swift in Sources */ = {isa = PBXBuildFile; fileRef = 99AB733720E54FEB00E00A2A /* Task.swift */; };
		99B367D720E668BE008EBF6F /* Constants.swift in Sources */ = {isa = PBXBuildFile; fileRef = 99B367D620E668BE008EBF6F /* Constants.swift */; };
		99C9148920FD664300B8EEE5 /* RSVPViewController.swift in Sources */ = {isa = PBXBuildFile; fileRef = 99C9148820FD664300B8EEE5 /* RSVPViewController.swift */; };
		99DFD1F420F64F4100129EEA /* EditInitiative.storyboard in Resources */ = {isa = PBXBuildFile; fileRef = 99DFD1F320F64F4100129EEA /* EditInitiative.storyboard */; };
		99DFD1F620F64FB000129EEA /* EditInitiativeViewController.swift in Sources */ = {isa = PBXBuildFile; fileRef = 99DFD1F520F64FB000129EEA /* EditInitiativeViewController.swift */; };
		FF68A459AA8A35490CDACE98 /* Pods_PLC.framework in Frameworks */ = {isa = PBXBuildFile; fileRef = 895E156B58806FAE17D15096 /* Pods_PLC.framework */; };
/* End PBXBuildFile section */

/* Begin PBXContainerItemProxy section */
		83ADA3A820E1547900CD5F30 /* PBXContainerItemProxy */ = {
			isa = PBXContainerItemProxy;
			containerPortal = 83ADA38920E1547400CD5F30 /* Project object */;
			proxyType = 1;
			remoteGlobalIDString = 83ADA39020E1547400CD5F30;
			remoteInfo = PLC;
		};
		83ADA3B320E1547900CD5F30 /* PBXContainerItemProxy */ = {
			isa = PBXContainerItemProxy;
			containerPortal = 83ADA38920E1547400CD5F30 /* Project object */;
			proxyType = 1;
			remoteGlobalIDString = 83ADA39020E1547400CD5F30;
			remoteInfo = PLC;
		};
/* End PBXContainerItemProxy section */

/* Begin PBXFileReference section */
		197C789FF7D2407403A234CB /* Pods_PLCUITests.framework */ = {isa = PBXFileReference; explicitFileType = wrapper.framework; includeInIndex = 0; path = Pods_PLCUITests.framework; sourceTree = BUILT_PRODUCTS_DIR; };
		22679B71E2EC42ABDC234DC9 /* Pods-PLCUITests.debug.xcconfig */ = {isa = PBXFileReference; includeInIndex = 1; lastKnownFileType = text.xcconfig; name = "Pods-PLCUITests.debug.xcconfig"; path = "Pods/Target Support Files/Pods-PLCUITests/Pods-PLCUITests.debug.xcconfig"; sourceTree = "<group>"; };
		26C0139A8728062BACE8F89E /* Pods_PLCTests.framework */ = {isa = PBXFileReference; explicitFileType = wrapper.framework; includeInIndex = 0; path = Pods_PLCTests.framework; sourceTree = BUILT_PRODUCTS_DIR; };
		66CECD9A90C118E5CBAE8163 /* Pods-PLCTests.debug.xcconfig */ = {isa = PBXFileReference; includeInIndex = 1; lastKnownFileType = text.xcconfig; name = "Pods-PLCTests.debug.xcconfig"; path = "Pods/Target Support Files/Pods-PLCTests/Pods-PLCTests.debug.xcconfig"; sourceTree = "<group>"; };
		75E9BC3F16248A5E08DF8598 /* Pods-PLCUITests.release.xcconfig */ = {isa = PBXFileReference; includeInIndex = 1; lastKnownFileType = text.xcconfig; name = "Pods-PLCUITests.release.xcconfig"; path = "Pods/Target Support Files/Pods-PLCUITests/Pods-PLCUITests.release.xcconfig"; sourceTree = "<group>"; };
		79048FFE843A5E40691D50E2 /* Pods-PLC.release.xcconfig */ = {isa = PBXFileReference; includeInIndex = 1; lastKnownFileType = text.xcconfig; name = "Pods-PLC.release.xcconfig"; path = "Pods/Target Support Files/Pods-PLC/Pods-PLC.release.xcconfig"; sourceTree = "<group>"; };
		830E74B320E547B3005E629D /* Base */ = {isa = PBXFileReference; lastKnownFileType = file.storyboard; name = Base; path = PLC/PLC/Base.lproj/DetailInitiatives.storyboard; sourceTree = "<group>"; };
		83165AF620E5423F005E9092 /* FavInitiatives.storyboard */ = {isa = PBXFileReference; fileEncoding = 4; lastKnownFileType = file.storyboard; path = FavInitiatives.storyboard; sourceTree = "<group>"; };
		831CEC2520F69F77003CB892 /* CalendarViewController.swift */ = {isa = PBXFileReference; lastKnownFileType = sourcecode.swift; path = CalendarViewController.swift; sourceTree = "<group>"; };
		8365F91520E6B9C90018BB43 /* UserModel.swift */ = {isa = PBXFileReference; lastKnownFileType = sourcecode.swift; path = UserModel.swift; sourceTree = "<group>"; };
		8365F91720E6BF0C0018BB43 /* PLC.entitlements */ = {isa = PBXFileReference; lastKnownFileType = text.plist.entitlements; path = PLC.entitlements; sourceTree = "<group>"; };
		8365F91820E6C1640018BB43 /* LoginViewController.swift */ = {isa = PBXFileReference; lastKnownFileType = sourcecode.swift; path = LoginViewController.swift; sourceTree = "<group>"; };
		8384C5AC20E6D06100E61899 /* GoogleService-Info.plist */ = {isa = PBXFileReference; fileEncoding = 4; lastKnownFileType = text.plist.xml; path = "GoogleService-Info.plist"; sourceTree = "<group>"; };
		8387316C20E55532001E1628 /* DetailTaskViewController.swift */ = {isa = PBXFileReference; lastKnownFileType = sourcecode.swift; path = DetailTaskViewController.swift; sourceTree = "<group>"; };
		83ADA39120E1547400CD5F30 /* PLC.app */ = {isa = PBXFileReference; explicitFileType = wrapper.application; includeInIndex = 0; path = PLC.app; sourceTree = BUILT_PRODUCTS_DIR; };
		83ADA39420E1547400CD5F30 /* AppDelegate.swift */ = {isa = PBXFileReference; lastKnownFileType = sourcecode.swift; path = AppDelegate.swift; sourceTree = "<group>"; };
		83ADA39620E1547400CD5F30 /* TaskTableViewController.swift */ = {isa = PBXFileReference; lastKnownFileType = sourcecode.swift; path = TaskTableViewController.swift; sourceTree = "<group>"; };
		83ADA39820E1547400CD5F30 /* LeaderboardViewController.swift */ = {isa = PBXFileReference; lastKnownFileType = sourcecode.swift; path = LeaderboardViewController.swift; sourceTree = "<group>"; };
		83ADA39D20E1547900CD5F30 /* Assets.xcassets */ = {isa = PBXFileReference; lastKnownFileType = folder.assetcatalog; path = Assets.xcassets; sourceTree = "<group>"; };
		83ADA3A020E1547900CD5F30 /* Base */ = {isa = PBXFileReference; lastKnownFileType = file.storyboard; name = Base; path = Base.lproj/LaunchScreen.storyboard; sourceTree = "<group>"; };
		83ADA3A220E1547900CD5F30 /* Info.plist */ = {isa = PBXFileReference; lastKnownFileType = text.plist.xml; path = Info.plist; sourceTree = "<group>"; };
		83ADA3A720E1547900CD5F30 /* PLCTests.xctest */ = {isa = PBXFileReference; explicitFileType = wrapper.cfbundle; includeInIndex = 0; path = PLCTests.xctest; sourceTree = BUILT_PRODUCTS_DIR; };
		83ADA3AB20E1547900CD5F30 /* PLCTests.swift */ = {isa = PBXFileReference; lastKnownFileType = sourcecode.swift; path = PLCTests.swift; sourceTree = "<group>"; };
		83ADA3AD20E1547900CD5F30 /* Info.plist */ = {isa = PBXFileReference; lastKnownFileType = text.plist.xml; path = Info.plist; sourceTree = "<group>"; };
		83ADA3B220E1547900CD5F30 /* PLCUITests.xctest */ = {isa = PBXFileReference; explicitFileType = wrapper.cfbundle; includeInIndex = 0; path = PLCUITests.xctest; sourceTree = BUILT_PRODUCTS_DIR; };
		83ADA3B620E1547900CD5F30 /* PLCUITests.swift */ = {isa = PBXFileReference; lastKnownFileType = sourcecode.swift; path = PLCUITests.swift; sourceTree = "<group>"; };
		83ADA3B820E1547900CD5F30 /* Info.plist */ = {isa = PBXFileReference; lastKnownFileType = text.plist.xml; path = Info.plist; sourceTree = "<group>"; };
		83ADA3C420E165D000CD5F30 /* ProfileViewController.swift */ = {isa = PBXFileReference; lastKnownFileType = sourcecode.swift; path = ProfileViewController.swift; sourceTree = "<group>"; };
		83BD2FDE20E2C25000260BAC /* PLC-Bridging-Header.h */ = {isa = PBXFileReference; fileEncoding = 4; lastKnownFileType = sourcecode.c.h; path = "PLC-Bridging-Header.h"; sourceTree = "<group>"; };
		83BD2FDF20E2C7D400260BAC /* TaskTableViewCell.swift */ = {isa = PBXFileReference; lastKnownFileType = sourcecode.swift; path = TaskTableViewCell.swift; sourceTree = "<group>"; };
		83BEBE8F20EA8E410055BE16 /* TabBarView.storyboard */ = {isa = PBXFileReference; fileEncoding = 4; lastKnownFileType = file.storyboard; path = TabBarView.storyboard; sourceTree = "<group>"; };
		83D351DF20F67978006480F4 /* FavTasksTableViewController.swift */ = {isa = PBXFileReference; lastKnownFileType = sourcecode.swift; path = FavTasksTableViewController.swift; sourceTree = "<group>"; };
		83DC45C520EC22780080B6A1 /* FavTasksViewController.swift */ = {isa = PBXFileReference; fileEncoding = 4; lastKnownFileType = sourcecode.swift; path = FavTasksViewController.swift; sourceTree = "<group>"; };
		895E156B58806FAE17D15096 /* Pods_PLC.framework */ = {isa = PBXFileReference; explicitFileType = wrapper.framework; includeInIndex = 0; path = Pods_PLC.framework; sourceTree = BUILT_PRODUCTS_DIR; };
		957CE1D83EEE624D45E57583 /* Pods-PLCTests.release.xcconfig */ = {isa = PBXFileReference; includeInIndex = 1; lastKnownFileType = text.xcconfig; name = "Pods-PLCTests.release.xcconfig"; path = "Pods/Target Support Files/Pods-PLCTests/Pods-PLCTests.release.xcconfig"; sourceTree = "<group>"; };
		99008FB52100DA4500F05899 /* WhoIsGoingTableViewController.swift */ = {isa = PBXFileReference; lastKnownFileType = sourcecode.swift; path = WhoIsGoingTableViewController.swift; sourceTree = "<group>"; };
		99008FB72100DAE200F05899 /* WhoIsGoingTableViewCell.swift */ = {isa = PBXFileReference; lastKnownFileType = sourcecode.swift; path = WhoIsGoingTableViewCell.swift; sourceTree = "<group>"; };
		99008FB921011FF500F05899 /* DepartmentLeaderboardViewController.swift */ = {isa = PBXFileReference; lastKnownFileType = sourcecode.swift; path = DepartmentLeaderboardViewController.swift; sourceTree = "<group>"; };
		99008FBB2101200900F05899 /* OfficeLeaderboardViewController.swift */ = {isa = PBXFileReference; lastKnownFileType = sourcecode.swift; path = OfficeLeaderboardViewController.swift; sourceTree = "<group>"; };
		990D7FEB2101291300549C6B /* FavTaskTableViewCell.swift */ = {isa = PBXFileReference; fileEncoding = 4; lastKnownFileType = sourcecode.swift; path = FavTaskTableViewCell.swift; sourceTree = "<group>"; };
		990D7FED21022D4700549C6B /* CreateNewAccountViewController.swift */ = {isa = PBXFileReference; lastKnownFileType = sourcecode.swift; path = CreateNewAccountViewController.swift; sourceTree = "<group>"; };
		995285DE20EBC268000E29B4 /* LeaderboardPageViewController.swift */ = {isa = PBXFileReference; lastKnownFileType = sourcecode.swift; path = LeaderboardPageViewController.swift; sourceTree = "<group>"; };
		99919A7E20FFA39D008ED134 /* CheckInViewController.swift */ = {isa = PBXFileReference; lastKnownFileType = sourcecode.swift; path = CheckInViewController.swift; sourceTree = "<group>"; };
		99AB732520E4269E00E00A2A /* InitiativeCreateViewController.swift */ = {isa = PBXFileReference; lastKnownFileType = sourcecode.swift; path = InitiativeCreateViewController.swift; sourceTree = "<group>"; };
		99AB732820E42E0000E00A2A /* Base */ = {isa = PBXFileReference; lastKnownFileType = file.storyboard; name = Base; path = PLC/Base.lproj/Initiatives.storyboard; sourceTree = "<group>"; };
		99AB732B20E42E2800E00A2A /* Base */ = {isa = PBXFileReference; lastKnownFileType = file.storyboard; name = Base; path = PLC/Base.lproj/Leaderboard.storyboard; sourceTree = "<group>"; };
		99AB732D20E42E4A00E00A2A /* InitiativeCreate.storyboard */ = {isa = PBXFileReference; fileEncoding = 4; lastKnownFileType = file.storyboard; path = InitiativeCreate.storyboard; sourceTree = "<group>"; };
		99AB732F20E42E6C00E00A2A /* Main.storyboard */ = {isa = PBXFileReference; fileEncoding = 4; lastKnownFileType = file.storyboard; path = Main.storyboard; sourceTree = "<group>"; };
		99AB733120E42E8E00E00A2A /* Profile.storyboard */ = {isa = PBXFileReference; fileEncoding = 4; lastKnownFileType = file.storyboard; path = Profile.storyboard; sourceTree = "<group>"; };
		99AB733720E54FEB00E00A2A /* Task.swift */ = {isa = PBXFileReference; lastKnownFileType = sourcecode.swift; path = Task.swift; sourceTree = "<group>"; };
		99B367D620E668BE008EBF6F /* Constants.swift */ = {isa = PBXFileReference; lastKnownFileType = sourcecode.swift; path = Constants.swift; sourceTree = "<group>"; };
		99C9148820FD664300B8EEE5 /* RSVPViewController.swift */ = {isa = PBXFileReference; lastKnownFileType = sourcecode.swift; path = RSVPViewController.swift; sourceTree = "<group>"; };
		99DFD1F320F64F4100129EEA /* EditInitiative.storyboard */ = {isa = PBXFileReference; fileEncoding = 4; lastKnownFileType = file.storyboard; path = EditInitiative.storyboard; sourceTree = "<group>"; };
		99DFD1F520F64FB000129EEA /* EditInitiativeViewController.swift */ = {isa = PBXFileReference; lastKnownFileType = sourcecode.swift; path = EditInitiativeViewController.swift; sourceTree = "<group>"; };
		A39E332087E068BEECDDDE60 /* Pods-PLC.debug.xcconfig */ = {isa = PBXFileReference; includeInIndex = 1; lastKnownFileType = text.xcconfig; name = "Pods-PLC.debug.xcconfig"; path = "Pods/Target Support Files/Pods-PLC/Pods-PLC.debug.xcconfig"; sourceTree = "<group>"; };
/* End PBXFileReference section */

/* Begin PBXFrameworksBuildPhase section */
		83ADA38E20E1547400CD5F30 /* Frameworks */ = {
			isa = PBXFrameworksBuildPhase;
			buildActionMask = 2147483647;
			files = (
				FF68A459AA8A35490CDACE98 /* Pods_PLC.framework in Frameworks */,
			);
			runOnlyForDeploymentPostprocessing = 0;
		};
		83ADA3A420E1547900CD5F30 /* Frameworks */ = {
			isa = PBXFrameworksBuildPhase;
			buildActionMask = 2147483647;
			files = (
				57960719AAA55B477DB2F328 /* Pods_PLCTests.framework in Frameworks */,
			);
			runOnlyForDeploymentPostprocessing = 0;
		};
		83ADA3AF20E1547900CD5F30 /* Frameworks */ = {
			isa = PBXFrameworksBuildPhase;
			buildActionMask = 2147483647;
			files = (
				4C33F02E54743FFE8FB3DE61 /* Pods_PLCUITests.framework in Frameworks */,
			);
			runOnlyForDeploymentPostprocessing = 0;
		};
/* End PBXFrameworksBuildPhase section */

/* Begin PBXGroup section */
		4F4E08A8BE3EB908D3CAEC71 /* Pods */ = {
			isa = PBXGroup;
			children = (
				A39E332087E068BEECDDDE60 /* Pods-PLC.debug.xcconfig */,
				79048FFE843A5E40691D50E2 /* Pods-PLC.release.xcconfig */,
				66CECD9A90C118E5CBAE8163 /* Pods-PLCTests.debug.xcconfig */,
				957CE1D83EEE624D45E57583 /* Pods-PLCTests.release.xcconfig */,
				22679B71E2EC42ABDC234DC9 /* Pods-PLCUITests.debug.xcconfig */,
				75E9BC3F16248A5E08DF8598 /* Pods-PLCUITests.release.xcconfig */,
			);
			name = Pods;
			sourceTree = "<group>";
		};
		83ADA38820E1547400CD5F30 = {
			isa = PBXGroup;
			children = (
				83ADA39320E1547400CD5F30 /* PLC */,
				83ADA3AA20E1547900CD5F30 /* PLCTests */,
				83ADA3B520E1547900CD5F30 /* PLCUITests */,
				83ADA39220E1547400CD5F30 /* Products */,
				4F4E08A8BE3EB908D3CAEC71 /* Pods */,
				BE023412823A0EED87086F9F /* Frameworks */,
			);
			sourceTree = "<group>";
		};
		83ADA39220E1547400CD5F30 /* Products */ = {
			isa = PBXGroup;
			children = (
				83ADA39120E1547400CD5F30 /* PLC.app */,
				83ADA3A720E1547900CD5F30 /* PLCTests.xctest */,
				83ADA3B220E1547900CD5F30 /* PLCUITests.xctest */,
			);
			name = Products;
			sourceTree = "<group>";
		};
		83ADA39320E1547400CD5F30 /* PLC */ = {
			isa = PBXGroup;
			children = (
				8365F91720E6BF0C0018BB43 /* PLC.entitlements */,
				83ADA39420E1547400CD5F30 /* AppDelegate.swift */,
				83ADA39620E1547400CD5F30 /* TaskTableViewController.swift */,
				83DC45C520EC22780080B6A1 /* FavTasksViewController.swift */,
				831CEC2520F69F77003CB892 /* CalendarViewController.swift */,
				83D351DF20F67978006480F4 /* FavTasksTableViewController.swift */,
				990D7FEB2101291300549C6B /* FavTaskTableViewCell.swift */,
				99B367D620E668BE008EBF6F /* Constants.swift */,
				8387316C20E55532001E1628 /* DetailTaskViewController.swift */,
				99DFD1F520F64FB000129EEA /* EditInitiativeViewController.swift */,
				83BD2FDF20E2C7D400260BAC /* TaskTableViewCell.swift */,
				99008FB72100DAE200F05899 /* WhoIsGoingTableViewCell.swift */,
				83ADA39820E1547400CD5F30 /* LeaderboardViewController.swift */,
				83ADA3C420E165D000CD5F30 /* ProfileViewController.swift */,
				99AB732520E4269E00E00A2A /* InitiativeCreateViewController.swift */,
				99AB733720E54FEB00E00A2A /* Task.swift */,
				99C9148820FD664300B8EEE5 /* RSVPViewController.swift */,
				99919A7E20FFA39D008ED134 /* CheckInViewController.swift */,
				995285DE20EBC268000E29B4 /* LeaderboardPageViewController.swift */,
				8365F91520E6B9C90018BB43 /* UserModel.swift */,
				8365F91820E6C1640018BB43 /* LoginViewController.swift */,
				99008FB52100DA4500F05899 /* WhoIsGoingTableViewController.swift */,
				99008FB921011FF500F05899 /* DepartmentLeaderboardViewController.swift */,
				99008FBB2101200900F05899 /* OfficeLeaderboardViewController.swift */,
				990D7FED21022D4700549C6B /* CreateNewAccountViewController.swift */,
				99AB732720E42E0000E00A2A /* Initiatives.storyboard */,
				830E74B220E547B3005E629D /* DetailInitiatives.storyboard */,
				99AB732F20E42E6C00E00A2A /* Main.storyboard */,
				83BEBE8F20EA8E410055BE16 /* TabBarView.storyboard */,
				83165AF620E5423F005E9092 /* FavInitiatives.storyboard */,
				99AB733120E42E8E00E00A2A /* Profile.storyboard */,
				99AB732D20E42E4A00E00A2A /* InitiativeCreate.storyboard */,
				99DFD1F320F64F4100129EEA /* EditInitiative.storyboard */,
				99AB732A20E42E2800E00A2A /* Leaderboard.storyboard */,
				83ADA39D20E1547900CD5F30 /* Assets.xcassets */,
				83ADA39F20E1547900CD5F30 /* LaunchScreen.storyboard */,
				83ADA3A220E1547900CD5F30 /* Info.plist */,
				8384C5AC20E6D06100E61899 /* GoogleService-Info.plist */,
				83BD2FDE20E2C25000260BAC /* PLC-Bridging-Header.h */,
			);
			path = PLC;
			sourceTree = "<group>";
		};
		83ADA3AA20E1547900CD5F30 /* PLCTests */ = {
			isa = PBXGroup;
			children = (
				83ADA3AB20E1547900CD5F30 /* PLCTests.swift */,
				83ADA3AD20E1547900CD5F30 /* Info.plist */,
			);
			path = PLCTests;
			sourceTree = "<group>";
		};
		83ADA3B520E1547900CD5F30 /* PLCUITests */ = {
			isa = PBXGroup;
			children = (
				83ADA3B620E1547900CD5F30 /* PLCUITests.swift */,
				83ADA3B820E1547900CD5F30 /* Info.plist */,
			);
			path = PLCUITests;
			sourceTree = "<group>";
		};
		BE023412823A0EED87086F9F /* Frameworks */ = {
			isa = PBXGroup;
			children = (
				895E156B58806FAE17D15096 /* Pods_PLC.framework */,
				26C0139A8728062BACE8F89E /* Pods_PLCTests.framework */,
				197C789FF7D2407403A234CB /* Pods_PLCUITests.framework */,
			);
			name = Frameworks;
			sourceTree = "<group>";
		};
/* End PBXGroup section */

/* Begin PBXNativeTarget section */
		83ADA39020E1547400CD5F30 /* PLC */ = {
			isa = PBXNativeTarget;
			buildConfigurationList = 83ADA3BB20E1547900CD5F30 /* Build configuration list for PBXNativeTarget "PLC" */;
			buildPhases = (
				7BED6AF080621F84A3CC2C0E /* [CP] Check Pods Manifest.lock */,
				83ADA38D20E1547400CD5F30 /* Sources */,
				83ADA38E20E1547400CD5F30 /* Frameworks */,
				83ADA38F20E1547400CD5F30 /* Resources */,
				B27858F473A3843DF66F736C /* [CP] Embed Pods Frameworks */,
			);
			buildRules = (
			);
			dependencies = (
			);
			name = PLC;
			productName = PLC;
			productReference = 83ADA39120E1547400CD5F30 /* PLC.app */;
			productType = "com.apple.product-type.application";
		};
		83ADA3A620E1547900CD5F30 /* PLCTests */ = {
			isa = PBXNativeTarget;
			buildConfigurationList = 83ADA3BE20E1547900CD5F30 /* Build configuration list for PBXNativeTarget "PLCTests" */;
			buildPhases = (
				F2EAC1009DE3879A7B15FA87 /* [CP] Check Pods Manifest.lock */,
				83ADA3A320E1547900CD5F30 /* Sources */,
				83ADA3A420E1547900CD5F30 /* Frameworks */,
				83ADA3A520E1547900CD5F30 /* Resources */,
			);
			buildRules = (
			);
			dependencies = (
				83ADA3A920E1547900CD5F30 /* PBXTargetDependency */,
			);
			name = PLCTests;
			productName = PLCTests;
			productReference = 83ADA3A720E1547900CD5F30 /* PLCTests.xctest */;
			productType = "com.apple.product-type.bundle.unit-test";
		};
		83ADA3B120E1547900CD5F30 /* PLCUITests */ = {
			isa = PBXNativeTarget;
			buildConfigurationList = 83ADA3C120E1547900CD5F30 /* Build configuration list for PBXNativeTarget "PLCUITests" */;
			buildPhases = (
				CAB72141E1E13EA93EF3E58A /* [CP] Check Pods Manifest.lock */,
				83ADA3AE20E1547900CD5F30 /* Sources */,
				83ADA3AF20E1547900CD5F30 /* Frameworks */,
				83ADA3B020E1547900CD5F30 /* Resources */,
			);
			buildRules = (
			);
			dependencies = (
				83ADA3B420E1547900CD5F30 /* PBXTargetDependency */,
			);
			name = PLCUITests;
			productName = PLCUITests;
			productReference = 83ADA3B220E1547900CD5F30 /* PLCUITests.xctest */;
			productType = "com.apple.product-type.bundle.ui-testing";
		};
/* End PBXNativeTarget section */

/* Begin PBXProject section */
		83ADA38920E1547400CD5F30 /* Project object */ = {
			isa = PBXProject;
			attributes = {
				LastSwiftUpdateCheck = 0940;
				LastUpgradeCheck = 0940;
				ORGANIZATIONNAME = "Chris Chou";
				TargetAttributes = {
					83ADA39020E1547400CD5F30 = {
						CreatedOnToolsVersion = 9.4.1;
						LastSwiftMigration = 0940;
						SystemCapabilities = {
							com.apple.Keychain = {
								enabled = 0;
							};
						};
					};
					83ADA3A620E1547900CD5F30 = {
						CreatedOnToolsVersion = 9.4.1;
						TestTargetID = 83ADA39020E1547400CD5F30;
					};
					83ADA3B120E1547900CD5F30 = {
						CreatedOnToolsVersion = 9.4.1;
						TestTargetID = 83ADA39020E1547400CD5F30;
					};
				};
			};
			buildConfigurationList = 83ADA38C20E1547400CD5F30 /* Build configuration list for PBXProject "PLC" */;
			compatibilityVersion = "Xcode 9.3";
			developmentRegion = en;
			hasScannedForEncodings = 0;
			knownRegions = (
				en,
				Base,
			);
			mainGroup = 83ADA38820E1547400CD5F30;
			productRefGroup = 83ADA39220E1547400CD5F30 /* Products */;
			projectDirPath = "";
			projectRoot = "";
			targets = (
				83ADA39020E1547400CD5F30 /* PLC */,
				83ADA3A620E1547900CD5F30 /* PLCTests */,
				83ADA3B120E1547900CD5F30 /* PLCUITests */,
			);
		};
/* End PBXProject section */

/* Begin PBXResourcesBuildPhase section */
		83ADA38F20E1547400CD5F30 /* Resources */ = {
			isa = PBXResourcesBuildPhase;
			buildActionMask = 2147483647;
			files = (
				99AB733020E42E6C00E00A2A /* Main.storyboard in Resources */,
				830E74B420E547B3005E629D /* DetailInitiatives.storyboard in Resources */,
				99AB732C20E42E2800E00A2A /* Leaderboard.storyboard in Resources */,
				99DFD1F420F64F4100129EEA /* EditInitiative.storyboard in Resources */,
				99AB733220E42E8E00E00A2A /* Profile.storyboard in Resources */,
				83ADA3A120E1547900CD5F30 /* LaunchScreen.storyboard in Resources */,
				83ADA39E20E1547900CD5F30 /* Assets.xcassets in Resources */,
				83BEBE9020EA8E420055BE16 /* TabBarView.storyboard in Resources */,
				99AB732920E42E0000E00A2A /* Initiatives.storyboard in Resources */,
				8384C5AD20E6D06100E61899 /* GoogleService-Info.plist in Resources */,
				83165AF720E5423F005E9092 /* FavInitiatives.storyboard in Resources */,
				99AB732E20E42E4A00E00A2A /* InitiativeCreate.storyboard in Resources */,
			);
			runOnlyForDeploymentPostprocessing = 0;
		};
		83ADA3A520E1547900CD5F30 /* Resources */ = {
			isa = PBXResourcesBuildPhase;
			buildActionMask = 2147483647;
			files = (
			);
			runOnlyForDeploymentPostprocessing = 0;
		};
		83ADA3B020E1547900CD5F30 /* Resources */ = {
			isa = PBXResourcesBuildPhase;
			buildActionMask = 2147483647;
			files = (
			);
			runOnlyForDeploymentPostprocessing = 0;
		};
/* End PBXResourcesBuildPhase section */

/* Begin PBXShellScriptBuildPhase section */
		7BED6AF080621F84A3CC2C0E /* [CP] Check Pods Manifest.lock */ = {
			isa = PBXShellScriptBuildPhase;
			buildActionMask = 2147483647;
			files = (
			);
			inputPaths = (
				"${PODS_PODFILE_DIR_PATH}/Podfile.lock",
				"${PODS_ROOT}/Manifest.lock",
			);
			name = "[CP] Check Pods Manifest.lock";
			outputPaths = (
				"$(DERIVED_FILE_DIR)/Pods-PLC-checkManifestLockResult.txt",
			);
			runOnlyForDeploymentPostprocessing = 0;
			shellPath = /bin/sh;
			shellScript = "diff \"${PODS_PODFILE_DIR_PATH}/Podfile.lock\" \"${PODS_ROOT}/Manifest.lock\" > /dev/null\nif [ $? != 0 ] ; then\n    # print error to STDERR\n    echo \"error: The sandbox is not in sync with the Podfile.lock. Run 'pod install' or update your CocoaPods installation.\" >&2\n    exit 1\nfi\n# This output is used by Xcode 'outputs' to avoid re-running this script phase.\necho \"SUCCESS\" > \"${SCRIPT_OUTPUT_FILE_0}\"\n";
			showEnvVarsInLog = 0;
		};
		B27858F473A3843DF66F736C /* [CP] Embed Pods Frameworks */ = {
			isa = PBXShellScriptBuildPhase;
			buildActionMask = 2147483647;
			files = (
			);
			inputPaths = (
				"${SRCROOT}/Pods/Target Support Files/Pods-PLC/Pods-PLC-frameworks.sh",
				"${BUILT_PRODUCTS_DIR}/FSCalendar/FSCalendar.framework",
				"${BUILT_PRODUCTS_DIR}/GTMSessionFetcher/GTMSessionFetcher.framework",
				"${BUILT_PRODUCTS_DIR}/GoogleToolboxForMac/GoogleToolboxForMac.framework",
				"${BUILT_PRODUCTS_DIR}/NavigationDropdownMenu/NavigationDropdownMenu.framework",
				"${BUILT_PRODUCTS_DIR}/Presentr/Presentr.framework",
				"${BUILT_PRODUCTS_DIR}/SDWebImage/SDWebImage.framework",
				"${BUILT_PRODUCTS_DIR}/leveldb-library/leveldb.framework",
				"${BUILT_PRODUCTS_DIR}/nanopb/nanopb.framework",
			);
			name = "[CP] Embed Pods Frameworks";
			outputPaths = (
				"${TARGET_BUILD_DIR}/${FRAMEWORKS_FOLDER_PATH}/FSCalendar.framework",
				"${TARGET_BUILD_DIR}/${FRAMEWORKS_FOLDER_PATH}/GTMSessionFetcher.framework",
				"${TARGET_BUILD_DIR}/${FRAMEWORKS_FOLDER_PATH}/GoogleToolboxForMac.framework",
				"${TARGET_BUILD_DIR}/${FRAMEWORKS_FOLDER_PATH}/NavigationDropdownMenu.framework",
				"${TARGET_BUILD_DIR}/${FRAMEWORKS_FOLDER_PATH}/Presentr.framework",
				"${TARGET_BUILD_DIR}/${FRAMEWORKS_FOLDER_PATH}/SDWebImage.framework",
				"${TARGET_BUILD_DIR}/${FRAMEWORKS_FOLDER_PATH}/leveldb.framework",
				"${TARGET_BUILD_DIR}/${FRAMEWORKS_FOLDER_PATH}/nanopb.framework",
			);
			runOnlyForDeploymentPostprocessing = 0;
			shellPath = /bin/sh;
			shellScript = "\"${SRCROOT}/Pods/Target Support Files/Pods-PLC/Pods-PLC-frameworks.sh\"\n";
			showEnvVarsInLog = 0;
		};
		CAB72141E1E13EA93EF3E58A /* [CP] Check Pods Manifest.lock */ = {
			isa = PBXShellScriptBuildPhase;
			buildActionMask = 2147483647;
			files = (
			);
			inputPaths = (
				"${PODS_PODFILE_DIR_PATH}/Podfile.lock",
				"${PODS_ROOT}/Manifest.lock",
			);
			name = "[CP] Check Pods Manifest.lock";
			outputPaths = (
				"$(DERIVED_FILE_DIR)/Pods-PLCUITests-checkManifestLockResult.txt",
			);
			runOnlyForDeploymentPostprocessing = 0;
			shellPath = /bin/sh;
			shellScript = "diff \"${PODS_PODFILE_DIR_PATH}/Podfile.lock\" \"${PODS_ROOT}/Manifest.lock\" > /dev/null\nif [ $? != 0 ] ; then\n    # print error to STDERR\n    echo \"error: The sandbox is not in sync with the Podfile.lock. Run 'pod install' or update your CocoaPods installation.\" >&2\n    exit 1\nfi\n# This output is used by Xcode 'outputs' to avoid re-running this script phase.\necho \"SUCCESS\" > \"${SCRIPT_OUTPUT_FILE_0}\"\n";
			showEnvVarsInLog = 0;
		};
		F2EAC1009DE3879A7B15FA87 /* [CP] Check Pods Manifest.lock */ = {
			isa = PBXShellScriptBuildPhase;
			buildActionMask = 2147483647;
			files = (
			);
			inputPaths = (
				"${PODS_PODFILE_DIR_PATH}/Podfile.lock",
				"${PODS_ROOT}/Manifest.lock",
			);
			name = "[CP] Check Pods Manifest.lock";
			outputPaths = (
				"$(DERIVED_FILE_DIR)/Pods-PLCTests-checkManifestLockResult.txt",
			);
			runOnlyForDeploymentPostprocessing = 0;
			shellPath = /bin/sh;
			shellScript = "diff \"${PODS_PODFILE_DIR_PATH}/Podfile.lock\" \"${PODS_ROOT}/Manifest.lock\" > /dev/null\nif [ $? != 0 ] ; then\n    # print error to STDERR\n    echo \"error: The sandbox is not in sync with the Podfile.lock. Run 'pod install' or update your CocoaPods installation.\" >&2\n    exit 1\nfi\n# This output is used by Xcode 'outputs' to avoid re-running this script phase.\necho \"SUCCESS\" > \"${SCRIPT_OUTPUT_FILE_0}\"\n";
			showEnvVarsInLog = 0;
		};
/* End PBXShellScriptBuildPhase section */

/* Begin PBXSourcesBuildPhase section */
		83ADA38D20E1547400CD5F30 /* Sources */ = {
			isa = PBXSourcesBuildPhase;
			buildActionMask = 2147483647;
			files = (
				831CEC2620F69F77003CB892 /* CalendarViewController.swift in Sources */,
				990D7FEE21022D4700549C6B /* CreateNewAccountViewController.swift in Sources */,
				99AB732620E4269E00E00A2A /* InitiativeCreateViewController.swift in Sources */,
				83ADA39920E1547400CD5F30 /* LeaderboardViewController.swift in Sources */,
				83ADA39520E1547400CD5F30 /* AppDelegate.swift in Sources */,
				99919A7F20FFA39D008ED134 /* CheckInViewController.swift in Sources */,
				99008FB82100DAE200F05899 /* WhoIsGoingTableViewCell.swift in Sources */,
				83BD2FE020E2C7D400260BAC /* TaskTableViewCell.swift in Sources */,
				83ADA3C520E165D000CD5F30 /* ProfileViewController.swift in Sources */,
				83DC45C620EC22780080B6A1 /* FavTasksViewController.swift in Sources */,
				99AB733820E54FEB00E00A2A /* Task.swift in Sources */,
				99008FB62100DA4500F05899 /* WhoIsGoingTableViewController.swift in Sources */,
				8387316D20E55532001E1628 /* DetailTaskViewController.swift in Sources */,
				99DFD1F620F64FB000129EEA /* EditInitiativeViewController.swift in Sources */,
				83ADA39720E1547400CD5F30 /* TaskTableViewController.swift in Sources */,
				8365F91620E6B9C90018BB43 /* UserModel.swift in Sources */,
				83D351E020F67978006480F4 /* FavTasksTableViewController.swift in Sources */,
				99008FBC2101200900F05899 /* OfficeLeaderboardViewController.swift in Sources */,
				990D7FEC2101291300549C6B /* FavTaskTableViewCell.swift in Sources */,
				99008FBA21011FF500F05899 /* DepartmentLeaderboardViewController.swift in Sources */,
				99C9148920FD664300B8EEE5 /* RSVPViewController.swift in Sources */,
				99B367D720E668BE008EBF6F /* Constants.swift in Sources */,
				8365F91920E6C1640018BB43 /* LoginViewController.swift in Sources */,
				995285DF20EBC268000E29B4 /* LeaderboardPageViewController.swift in Sources */,
			);
			runOnlyForDeploymentPostprocessing = 0;
		};
		83ADA3A320E1547900CD5F30 /* Sources */ = {
			isa = PBXSourcesBuildPhase;
			buildActionMask = 2147483647;
			files = (
				83ADA3AC20E1547900CD5F30 /* PLCTests.swift in Sources */,
			);
			runOnlyForDeploymentPostprocessing = 0;
		};
		83ADA3AE20E1547900CD5F30 /* Sources */ = {
			isa = PBXSourcesBuildPhase;
			buildActionMask = 2147483647;
			files = (
				83ADA3B720E1547900CD5F30 /* PLCUITests.swift in Sources */,
			);
			runOnlyForDeploymentPostprocessing = 0;
		};
/* End PBXSourcesBuildPhase section */

/* Begin PBXTargetDependency section */
		83ADA3A920E1547900CD5F30 /* PBXTargetDependency */ = {
			isa = PBXTargetDependency;
			target = 83ADA39020E1547400CD5F30 /* PLC */;
			targetProxy = 83ADA3A820E1547900CD5F30 /* PBXContainerItemProxy */;
		};
		83ADA3B420E1547900CD5F30 /* PBXTargetDependency */ = {
			isa = PBXTargetDependency;
			target = 83ADA39020E1547400CD5F30 /* PLC */;
			targetProxy = 83ADA3B320E1547900CD5F30 /* PBXContainerItemProxy */;
		};
/* End PBXTargetDependency section */

/* Begin PBXVariantGroup section */
		830E74B220E547B3005E629D /* DetailInitiatives.storyboard */ = {
			isa = PBXVariantGroup;
			children = (
				830E74B320E547B3005E629D /* Base */,
			);
			name = DetailInitiatives.storyboard;
			sourceTree = "<group>";
		};
		83ADA39F20E1547900CD5F30 /* LaunchScreen.storyboard */ = {
			isa = PBXVariantGroup;
			children = (
				83ADA3A020E1547900CD5F30 /* Base */,
			);
			name = LaunchScreen.storyboard;
			sourceTree = "<group>";
		};
		99AB732720E42E0000E00A2A /* Initiatives.storyboard */ = {
			isa = PBXVariantGroup;
			children = (
				99AB732820E42E0000E00A2A /* Base */,
			);
			name = Initiatives.storyboard;
			sourceTree = "<group>";
		};
		99AB732A20E42E2800E00A2A /* Leaderboard.storyboard */ = {
			isa = PBXVariantGroup;
			children = (
				99AB732B20E42E2800E00A2A /* Base */,
			);
			name = Leaderboard.storyboard;
			sourceTree = "<group>";
		};
/* End PBXVariantGroup section */

/* Begin XCBuildConfiguration section */
		83ADA3B920E1547900CD5F30 /* Debug */ = {
			isa = XCBuildConfiguration;
			buildSettings = {
				ALWAYS_SEARCH_USER_PATHS = NO;
				CLANG_ANALYZER_NONNULL = YES;
				CLANG_ANALYZER_NUMBER_OBJECT_CONVERSION = YES_AGGRESSIVE;
				CLANG_CXX_LANGUAGE_STANDARD = "gnu++14";
				CLANG_CXX_LIBRARY = "libc++";
				CLANG_ENABLE_MODULES = YES;
				CLANG_ENABLE_OBJC_ARC = YES;
				CLANG_ENABLE_OBJC_WEAK = YES;
				CLANG_WARN_BLOCK_CAPTURE_AUTORELEASING = YES;
				CLANG_WARN_BOOL_CONVERSION = YES;
				CLANG_WARN_COMMA = YES;
				CLANG_WARN_CONSTANT_CONVERSION = YES;
				CLANG_WARN_DEPRECATED_OBJC_IMPLEMENTATIONS = YES;
				CLANG_WARN_DIRECT_OBJC_ISA_USAGE = YES_ERROR;
				CLANG_WARN_DOCUMENTATION_COMMENTS = YES;
				CLANG_WARN_EMPTY_BODY = YES;
				CLANG_WARN_ENUM_CONVERSION = YES;
				CLANG_WARN_INFINITE_RECURSION = YES;
				CLANG_WARN_INT_CONVERSION = YES;
				CLANG_WARN_NON_LITERAL_NULL_CONVERSION = YES;
				CLANG_WARN_OBJC_IMPLICIT_RETAIN_SELF = YES;
				CLANG_WARN_OBJC_LITERAL_CONVERSION = YES;
				CLANG_WARN_OBJC_ROOT_CLASS = YES_ERROR;
				CLANG_WARN_RANGE_LOOP_ANALYSIS = YES;
				CLANG_WARN_STRICT_PROTOTYPES = YES;
				CLANG_WARN_SUSPICIOUS_MOVE = YES;
				CLANG_WARN_UNGUARDED_AVAILABILITY = YES_AGGRESSIVE;
				CLANG_WARN_UNREACHABLE_CODE = YES;
				CLANG_WARN__DUPLICATE_METHOD_MATCH = YES;
				CODE_SIGN_IDENTITY = "iPhone Developer";
				COPY_PHASE_STRIP = NO;
				DEBUG_INFORMATION_FORMAT = dwarf;
				ENABLE_STRICT_OBJC_MSGSEND = YES;
				ENABLE_TESTABILITY = YES;
				GCC_C_LANGUAGE_STANDARD = gnu11;
				GCC_DYNAMIC_NO_PIC = NO;
				GCC_NO_COMMON_BLOCKS = YES;
				GCC_OPTIMIZATION_LEVEL = 0;
				GCC_PREPROCESSOR_DEFINITIONS = (
					"DEBUG=1",
					"$(inherited)",
				);
				GCC_WARN_64_TO_32_BIT_CONVERSION = YES;
				GCC_WARN_ABOUT_RETURN_TYPE = YES_ERROR;
				GCC_WARN_UNDECLARED_SELECTOR = YES;
				GCC_WARN_UNINITIALIZED_AUTOS = YES_AGGRESSIVE;
				GCC_WARN_UNUSED_FUNCTION = YES;
				GCC_WARN_UNUSED_VARIABLE = YES;
				IPHONEOS_DEPLOYMENT_TARGET = 11.4;
				MTL_ENABLE_DEBUG_INFO = YES;
				ONLY_ACTIVE_ARCH = YES;
				SDKROOT = iphoneos;
				SWIFT_ACTIVE_COMPILATION_CONDITIONS = DEBUG;
				SWIFT_OPTIMIZATION_LEVEL = "-Onone";
			};
			name = Debug;
		};
		83ADA3BA20E1547900CD5F30 /* Release */ = {
			isa = XCBuildConfiguration;
			buildSettings = {
				ALWAYS_SEARCH_USER_PATHS = NO;
				CLANG_ANALYZER_NONNULL = YES;
				CLANG_ANALYZER_NUMBER_OBJECT_CONVERSION = YES_AGGRESSIVE;
				CLANG_CXX_LANGUAGE_STANDARD = "gnu++14";
				CLANG_CXX_LIBRARY = "libc++";
				CLANG_ENABLE_MODULES = YES;
				CLANG_ENABLE_OBJC_ARC = YES;
				CLANG_ENABLE_OBJC_WEAK = YES;
				CLANG_WARN_BLOCK_CAPTURE_AUTORELEASING = YES;
				CLANG_WARN_BOOL_CONVERSION = YES;
				CLANG_WARN_COMMA = YES;
				CLANG_WARN_CONSTANT_CONVERSION = YES;
				CLANG_WARN_DEPRECATED_OBJC_IMPLEMENTATIONS = YES;
				CLANG_WARN_DIRECT_OBJC_ISA_USAGE = YES_ERROR;
				CLANG_WARN_DOCUMENTATION_COMMENTS = YES;
				CLANG_WARN_EMPTY_BODY = YES;
				CLANG_WARN_ENUM_CONVERSION = YES;
				CLANG_WARN_INFINITE_RECURSION = YES;
				CLANG_WARN_INT_CONVERSION = YES;
				CLANG_WARN_NON_LITERAL_NULL_CONVERSION = YES;
				CLANG_WARN_OBJC_IMPLICIT_RETAIN_SELF = YES;
				CLANG_WARN_OBJC_LITERAL_CONVERSION = YES;
				CLANG_WARN_OBJC_ROOT_CLASS = YES_ERROR;
				CLANG_WARN_RANGE_LOOP_ANALYSIS = YES;
				CLANG_WARN_STRICT_PROTOTYPES = YES;
				CLANG_WARN_SUSPICIOUS_MOVE = YES;
				CLANG_WARN_UNGUARDED_AVAILABILITY = YES_AGGRESSIVE;
				CLANG_WARN_UNREACHABLE_CODE = YES;
				CLANG_WARN__DUPLICATE_METHOD_MATCH = YES;
				CODE_SIGN_IDENTITY = "iPhone Developer";
				COPY_PHASE_STRIP = NO;
				DEBUG_INFORMATION_FORMAT = "dwarf-with-dsym";
				ENABLE_NS_ASSERTIONS = NO;
				ENABLE_STRICT_OBJC_MSGSEND = YES;
				GCC_C_LANGUAGE_STANDARD = gnu11;
				GCC_NO_COMMON_BLOCKS = YES;
				GCC_WARN_64_TO_32_BIT_CONVERSION = YES;
				GCC_WARN_ABOUT_RETURN_TYPE = YES_ERROR;
				GCC_WARN_UNDECLARED_SELECTOR = YES;
				GCC_WARN_UNINITIALIZED_AUTOS = YES_AGGRESSIVE;
				GCC_WARN_UNUSED_FUNCTION = YES;
				GCC_WARN_UNUSED_VARIABLE = YES;
				IPHONEOS_DEPLOYMENT_TARGET = 11.4;
				MTL_ENABLE_DEBUG_INFO = NO;
				SDKROOT = iphoneos;
				SWIFT_COMPILATION_MODE = wholemodule;
				SWIFT_OPTIMIZATION_LEVEL = "-O";
				VALIDATE_PRODUCT = YES;
			};
			name = Release;
		};
		83ADA3BC20E1547900CD5F30 /* Debug */ = {
			isa = XCBuildConfiguration;
			baseConfigurationReference = A39E332087E068BEECDDDE60 /* Pods-PLC.debug.xcconfig */;
			buildSettings = {
				ASSETCATALOG_COMPILER_APPICON_NAME = AppIcon;
				CLANG_ENABLE_MODULES = YES;
				CODE_SIGN_STYLE = Automatic;
				DEVELOPMENT_TEAM = V9QRYVUZ4D;
				INFOPLIST_FILE = PLC/Info.plist;
				LD_RUNPATH_SEARCH_PATHS = (
					"$(inherited)",
					"@executable_path/Frameworks",
				);
				PRODUCT_BUNDLE_IDENTIFIER = edu.umich.cachou.PLC;
				PRODUCT_NAME = "$(TARGET_NAME)";
				SWIFT_OBJC_BRIDGING_HEADER = "PLC/PLC-Bridging-Header.h";
				SWIFT_OPTIMIZATION_LEVEL = "-Onone";
				SWIFT_VERSION = 4.0;
				TARGETED_DEVICE_FAMILY = "1,2";
			};
			name = Debug;
		};
		83ADA3BD20E1547900CD5F30 /* Release */ = {
			isa = XCBuildConfiguration;
			baseConfigurationReference = 79048FFE843A5E40691D50E2 /* Pods-PLC.release.xcconfig */;
			buildSettings = {
				ASSETCATALOG_COMPILER_APPICON_NAME = AppIcon;
				CLANG_ENABLE_MODULES = YES;
				CODE_SIGN_STYLE = Automatic;
				DEVELOPMENT_TEAM = V9QRYVUZ4D;
				INFOPLIST_FILE = PLC/Info.plist;
				LD_RUNPATH_SEARCH_PATHS = (
					"$(inherited)",
					"@executable_path/Frameworks",
				);
				PRODUCT_BUNDLE_IDENTIFIER = edu.umich.cachou.PLC;
				PRODUCT_NAME = "$(TARGET_NAME)";
				SWIFT_OBJC_BRIDGING_HEADER = "PLC/PLC-Bridging-Header.h";
				SWIFT_VERSION = 4.0;
				TARGETED_DEVICE_FAMILY = "1,2";
			};
			name = Release;
		};
		83ADA3BF20E1547900CD5F30 /* Debug */ = {
			isa = XCBuildConfiguration;
			baseConfigurationReference = 66CECD9A90C118E5CBAE8163 /* Pods-PLCTests.debug.xcconfig */;
			buildSettings = {
				ALWAYS_EMBED_SWIFT_STANDARD_LIBRARIES = YES;
				BUNDLE_LOADER = "$(TEST_HOST)";
				CODE_SIGN_STYLE = Automatic;
				INFOPLIST_FILE = PLCTests/Info.plist;
				LD_RUNPATH_SEARCH_PATHS = (
					"$(inherited)",
					"@executable_path/Frameworks",
					"@loader_path/Frameworks",
				);
				PRODUCT_BUNDLE_IDENTIFIER = edu.umich.cachou.PLCTests;
				PRODUCT_NAME = "$(TARGET_NAME)";
				SWIFT_VERSION = 4.0;
				TARGETED_DEVICE_FAMILY = "1,2";
				TEST_HOST = "$(BUILT_PRODUCTS_DIR)/PLC.app/PLC";
			};
			name = Debug;
		};
		83ADA3C020E1547900CD5F30 /* Release */ = {
			isa = XCBuildConfiguration;
			baseConfigurationReference = 957CE1D83EEE624D45E57583 /* Pods-PLCTests.release.xcconfig */;
			buildSettings = {
				ALWAYS_EMBED_SWIFT_STANDARD_LIBRARIES = YES;
				BUNDLE_LOADER = "$(TEST_HOST)";
				CODE_SIGN_STYLE = Automatic;
				INFOPLIST_FILE = PLCTests/Info.plist;
				LD_RUNPATH_SEARCH_PATHS = (
					"$(inherited)",
					"@executable_path/Frameworks",
					"@loader_path/Frameworks",
				);
				PRODUCT_BUNDLE_IDENTIFIER = edu.umich.cachou.PLCTests;
				PRODUCT_NAME = "$(TARGET_NAME)";
				SWIFT_VERSION = 4.0;
				TARGETED_DEVICE_FAMILY = "1,2";
				TEST_HOST = "$(BUILT_PRODUCTS_DIR)/PLC.app/PLC";
			};
			name = Release;
		};
		83ADA3C220E1547900CD5F30 /* Debug */ = {
			isa = XCBuildConfiguration;
			baseConfigurationReference = 22679B71E2EC42ABDC234DC9 /* Pods-PLCUITests.debug.xcconfig */;
			buildSettings = {
				ALWAYS_EMBED_SWIFT_STANDARD_LIBRARIES = YES;
				CODE_SIGN_STYLE = Automatic;
				INFOPLIST_FILE = PLCUITests/Info.plist;
				LD_RUNPATH_SEARCH_PATHS = (
					"$(inherited)",
					"@executable_path/Frameworks",
					"@loader_path/Frameworks",
				);
				PRODUCT_BUNDLE_IDENTIFIER = edu.umich.cachou.PLCUITests;
				PRODUCT_NAME = "$(TARGET_NAME)";
				SWIFT_VERSION = 4.0;
				TARGETED_DEVICE_FAMILY = "1,2";
				TEST_TARGET_NAME = PLC;
			};
			name = Debug;
		};
		83ADA3C320E1547900CD5F30 /* Release */ = {
			isa = XCBuildConfiguration;
			baseConfigurationReference = 75E9BC3F16248A5E08DF8598 /* Pods-PLCUITests.release.xcconfig */;
			buildSettings = {
				ALWAYS_EMBED_SWIFT_STANDARD_LIBRARIES = YES;
				CODE_SIGN_STYLE = Automatic;
				INFOPLIST_FILE = PLCUITests/Info.plist;
				LD_RUNPATH_SEARCH_PATHS = (
					"$(inherited)",
					"@executable_path/Frameworks",
					"@loader_path/Frameworks",
				);
				PRODUCT_BUNDLE_IDENTIFIER = edu.umich.cachou.PLCUITests;
				PRODUCT_NAME = "$(TARGET_NAME)";
				SWIFT_VERSION = 4.0;
				TARGETED_DEVICE_FAMILY = "1,2";
				TEST_TARGET_NAME = PLC;
			};
			name = Release;
		};
/* End XCBuildConfiguration section */

/* Begin XCConfigurationList section */
		83ADA38C20E1547400CD5F30 /* Build configuration list for PBXProject "PLC" */ = {
			isa = XCConfigurationList;
			buildConfigurations = (
				83ADA3B920E1547900CD5F30 /* Debug */,
				83ADA3BA20E1547900CD5F30 /* Release */,
			);
			defaultConfigurationIsVisible = 0;
			defaultConfigurationName = Release;
		};
		83ADA3BB20E1547900CD5F30 /* Build configuration list for PBXNativeTarget "PLC" */ = {
			isa = XCConfigurationList;
			buildConfigurations = (
				83ADA3BC20E1547900CD5F30 /* Debug */,
				83ADA3BD20E1547900CD5F30 /* Release */,
			);
			defaultConfigurationIsVisible = 0;
			defaultConfigurationName = Release;
		};
		83ADA3BE20E1547900CD5F30 /* Build configuration list for PBXNativeTarget "PLCTests" */ = {
			isa = XCConfigurationList;
			buildConfigurations = (
				83ADA3BF20E1547900CD5F30 /* Debug */,
				83ADA3C020E1547900CD5F30 /* Release */,
			);
			defaultConfigurationIsVisible = 0;
			defaultConfigurationName = Release;
		};
		83ADA3C120E1547900CD5F30 /* Build configuration list for PBXNativeTarget "PLCUITests" */ = {
			isa = XCConfigurationList;
			buildConfigurations = (
				83ADA3C220E1547900CD5F30 /* Debug */,
				83ADA3C320E1547900CD5F30 /* Release */,
			);
			defaultConfigurationIsVisible = 0;
			defaultConfigurationName = Release;
		};
/* End XCConfigurationList section */
	};
	rootObject = 83ADA38920E1547400CD5F30 /* Project object */;
}
